// !$*UTF8*$!
{
	archiveVersion = 1;
	classes = {
	};
	objectVersion = 55;
	objects = {

/* Begin PBXBuildFile section */
		0E02C8BD2792CB0F005434AD /* FastlaneScanTestbedApp.swift in Sources */ = {isa = PBXBuildFile; fileRef = 0E02C8BC2792CB0F005434AD /* FastlaneScanTestbedApp.swift */; };
		0E02C8BF2792CB0F005434AD /* ContentView.swift in Sources */ = {isa = PBXBuildFile; fileRef = 0E02C8BE2792CB0F005434AD /* ContentView.swift */; };
		0E02C8C12792CB10005434AD /* Assets.xcassets in Resources */ = {isa = PBXBuildFile; fileRef = 0E02C8C02792CB10005434AD /* Assets.xcassets */; };
		0E02C8C42792CB10005434AD /* Preview Assets.xcassets in Resources */ = {isa = PBXBuildFile; fileRef = 0E02C8C32792CB10005434AD /* Preview Assets.xcassets */; };
		0E02C8CE2792CB11005434AD /* FastlaneScanTestbedTests.swift in Sources */ = {isa = PBXBuildFile; fileRef = 0E02C8CD2792CB11005434AD /* FastlaneScanTestbedTests.swift */; };
		0E02C8D82792CB11005434AD /* HomeScreenTests.swift in Sources */ = {isa = PBXBuildFile; fileRef = 0E02C8D72792CB11005434AD /* HomeScreenTests.swift */; };
		0E02C8E727931C44005434AD /* SecondScreenTests.swift in Sources */ = {isa = PBXBuildFile; fileRef = 0E02C8E627931C44005434AD /* SecondScreenTests.swift */; };
/* End PBXBuildFile section */

/* Begin PBXContainerItemProxy section */
		0E02C8CA2792CB10005434AD /* PBXContainerItemProxy */ = {
			isa = PBXContainerItemProxy;
			containerPortal = 0E02C8B12792CB0F005434AD /* Project object */;
			proxyType = 1;
			remoteGlobalIDString = 0E02C8B82792CB0F005434AD;
			remoteInfo = FastlaneScanTestbed;
		};
		0E02C8D42792CB11005434AD /* PBXContainerItemProxy */ = {
			isa = PBXContainerItemProxy;
			containerPortal = 0E02C8B12792CB0F005434AD /* Project object */;
			proxyType = 1;
			remoteGlobalIDString = 0E02C8B82792CB0F005434AD;
			remoteInfo = FastlaneScanTestbed;
		};
/* End PBXContainerItemProxy section */

/* Begin PBXFileReference section */
		0E02C8B92792CB0F005434AD /* FastlaneScanTestbed.app */ = {isa = PBXFileReference; explicitFileType = wrapper.application; includeInIndex = 0; path = FastlaneScanTestbed.app; sourceTree = BUILT_PRODUCTS_DIR; };
		0E02C8BC2792CB0F005434AD /* FastlaneScanTestbedApp.swift */ = {isa = PBXFileReference; lastKnownFileType = sourcecode.swift; path = FastlaneScanTestbedApp.swift; sourceTree = "<group>"; };
		0E02C8BE2792CB0F005434AD /* ContentView.swift */ = {isa = PBXFileReference; lastKnownFileType = sourcecode.swift; path = ContentView.swift; sourceTree = "<group>"; };
		0E02C8C02792CB10005434AD /* Assets.xcassets */ = {isa = PBXFileReference; lastKnownFileType = folder.assetcatalog; path = Assets.xcassets; sourceTree = "<group>"; };
		0E02C8C32792CB10005434AD /* Preview Assets.xcassets */ = {isa = PBXFileReference; lastKnownFileType = folder.assetcatalog; path = "Preview Assets.xcassets"; sourceTree = "<group>"; };
		0E02C8C92792CB10005434AD /* FastlaneScanTestbedTests.xctest */ = {isa = PBXFileReference; explicitFileType = wrapper.cfbundle; includeInIndex = 0; path = FastlaneScanTestbedTests.xctest; sourceTree = BUILT_PRODUCTS_DIR; };
		0E02C8CD2792CB11005434AD /* FastlaneScanTestbedTests.swift */ = {isa = PBXFileReference; lastKnownFileType = sourcecode.swift; path = FastlaneScanTestbedTests.swift; sourceTree = "<group>"; };
		0E02C8D32792CB11005434AD /* FastlaneScanTestbedUITests.xctest */ = {isa = PBXFileReference; explicitFileType = wrapper.cfbundle; includeInIndex = 0; path = FastlaneScanTestbedUITests.xctest; sourceTree = BUILT_PRODUCTS_DIR; };
		0E02C8D72792CB11005434AD /* HomeScreenTests.swift */ = {isa = PBXFileReference; lastKnownFileType = sourcecode.swift; path = HomeScreenTests.swift; sourceTree = "<group>"; };
		0E02C8E627931C44005434AD /* SecondScreenTests.swift */ = {isa = PBXFileReference; lastKnownFileType = sourcecode.swift; path = SecondScreenTests.swift; sourceTree = "<group>"; };
/* End PBXFileReference section */

/* Begin PBXFrameworksBuildPhase section */
		0E02C8B62792CB0F005434AD /* Frameworks */ = {
			isa = PBXFrameworksBuildPhase;
			buildActionMask = 2147483647;
			files = (
			);
			runOnlyForDeploymentPostprocessing = 0;
		};
		0E02C8C62792CB10005434AD /* Frameworks */ = {
			isa = PBXFrameworksBuildPhase;
			buildActionMask = 2147483647;
			files = (
			);
			runOnlyForDeploymentPostprocessing = 0;
		};
		0E02C8D02792CB11005434AD /* Frameworks */ = {
			isa = PBXFrameworksBuildPhase;
			buildActionMask = 2147483647;
			files = (
			);
			runOnlyForDeploymentPostprocessing = 0;
		};
/* End PBXFrameworksBuildPhase section */

/* Begin PBXGroup section */
		0E02C8B02792CB0F005434AD = {
			isa = PBXGroup;
			children = (
				0E02C8BB2792CB0F005434AD /* FastlaneScanTestbed */,
				0E02C8CC2792CB10005434AD /* FastlaneScanTestbedTests */,
				0E02C8D62792CB11005434AD /* FastlaneScanTestbedUITests */,
				0E02C8BA2792CB0F005434AD /* Products */,
			);
			sourceTree = "<group>";
		};
		0E02C8BA2792CB0F005434AD /* Products */ = {
			isa = PBXGroup;
			children = (
				0E02C8B92792CB0F005434AD /* FastlaneScanTestbed.app */,
				0E02C8C92792CB10005434AD /* FastlaneScanTestbedTests.xctest */,
				0E02C8D32792CB11005434AD /* FastlaneScanTestbedUITests.xctest */,
			);
			name = Products;
			sourceTree = "<group>";
		};
		0E02C8BB2792CB0F005434AD /* FastlaneScanTestbed */ = {
			isa = PBXGroup;
			children = (
				0E02C8BC2792CB0F005434AD /* FastlaneScanTestbedApp.swift */,
				0E02C8BE2792CB0F005434AD /* ContentView.swift */,
				0E02C8C02792CB10005434AD /* Assets.xcassets */,
				0E02C8C22792CB10005434AD /* Preview Content */,
			);
			path = FastlaneScanTestbed;
			sourceTree = "<group>";
		};
		0E02C8C22792CB10005434AD /* Preview Content */ = {
			isa = PBXGroup;
			children = (
				0E02C8C32792CB10005434AD /* Preview Assets.xcassets */,
			);
			path = "Preview Content";
			sourceTree = "<group>";
		};
		0E02C8CC2792CB10005434AD /* FastlaneScanTestbedTests */ = {
			isa = PBXGroup;
			children = (
				0E02C8CD2792CB11005434AD /* FastlaneScanTestbedTests.swift */,
			);
			path = FastlaneScanTestbedTests;
			sourceTree = "<group>";
		};
		0E02C8D62792CB11005434AD /* FastlaneScanTestbedUITests */ = {
			isa = PBXGroup;
			children = (
				0E02C8D72792CB11005434AD /* HomeScreenTests.swift */,
				0E02C8E627931C44005434AD /* SecondScreenTests.swift */,
			);
			path = FastlaneScanTestbedUITests;
			sourceTree = "<group>";
		};
/* End PBXGroup section */

/* Begin PBXNativeTarget section */
		0E02C8B82792CB0F005434AD /* FastlaneScanTestbed */ = {
			isa = PBXNativeTarget;
			buildConfigurationList = 0E02C8DD2792CB11005434AD /* Build configuration list for PBXNativeTarget "FastlaneScanTestbed" */;
			buildPhases = (
				0E02C8B52792CB0F005434AD /* Sources */,
				0E02C8B62792CB0F005434AD /* Frameworks */,
				0E02C8B72792CB0F005434AD /* Resources */,
			);
			buildRules = (
			);
			dependencies = (
			);
			name = FastlaneScanTestbed;
			productName = FastlaneScanTestbed;
			productReference = 0E02C8B92792CB0F005434AD /* FastlaneScanTestbed.app */;
			productType = "com.apple.product-type.application";
		};
		0E02C8C82792CB10005434AD /* FastlaneScanTestbedTests */ = {
			isa = PBXNativeTarget;
			buildConfigurationList = 0E02C8E02792CB11005434AD /* Build configuration list for PBXNativeTarget "FastlaneScanTestbedTests" */;
			buildPhases = (
				0E02C8C52792CB10005434AD /* Sources */,
				0E02C8C62792CB10005434AD /* Frameworks */,
				0E02C8C72792CB10005434AD /* Resources */,
			);
			buildRules = (
			);
			dependencies = (
				0E02C8CB2792CB10005434AD /* PBXTargetDependency */,
			);
			name = FastlaneScanTestbedTests;
			productName = FastlaneScanTestbedTests;
			productReference = 0E02C8C92792CB10005434AD /* FastlaneScanTestbedTests.xctest */;
			productType = "com.apple.product-type.bundle.unit-test";
		};
		0E02C8D22792CB11005434AD /* FastlaneScanTestbedUITests */ = {
			isa = PBXNativeTarget;
			buildConfigurationList = 0E02C8E32792CB11005434AD /* Build configuration list for PBXNativeTarget "FastlaneScanTestbedUITests" */;
			buildPhases = (
				0E02C8CF2792CB11005434AD /* Sources */,
				0E02C8D02792CB11005434AD /* Frameworks */,
				0E02C8D12792CB11005434AD /* Resources */,
			);
			buildRules = (
			);
			dependencies = (
				0E02C8D52792CB11005434AD /* PBXTargetDependency */,
			);
			name = FastlaneScanTestbedUITests;
			productName = FastlaneScanTestbedUITests;
			productReference = 0E02C8D32792CB11005434AD /* FastlaneScanTestbedUITests.xctest */;
			productType = "com.apple.product-type.bundle.ui-testing";
		};
/* End PBXNativeTarget section */

/* Begin PBXProject section */
		0E02C8B12792CB0F005434AD /* Project object */ = {
			isa = PBXProject;
			attributes = {
				BuildIndependentTargetsInParallel = 1;
				LastSwiftUpdateCheck = 1320;
				LastUpgradeCheck = 1320;
				TargetAttributes = {
					0E02C8B82792CB0F005434AD = {
						CreatedOnToolsVersion = 13.2;
					};
					0E02C8C82792CB10005434AD = {
						CreatedOnToolsVersion = 13.2;
						TestTargetID = 0E02C8B82792CB0F005434AD;
					};
					0E02C8D22792CB11005434AD = {
						CreatedOnToolsVersion = 13.2;
						TestTargetID = 0E02C8B82792CB0F005434AD;
					};
				};
			};
			buildConfigurationList = 0E02C8B42792CB0F005434AD /* Build configuration list for PBXProject "FastlaneScanTestbed" */;
			compatibilityVersion = "Xcode 13.0";
			developmentRegion = en;
			hasScannedForEncodings = 0;
			knownRegions = (
				en,
				Base,
			);
			mainGroup = 0E02C8B02792CB0F005434AD;
			productRefGroup = 0E02C8BA2792CB0F005434AD /* Products */;
			projectDirPath = "";
			projectRoot = "";
			targets = (
				0E02C8B82792CB0F005434AD /* FastlaneScanTestbed */,
				0E02C8C82792CB10005434AD /* FastlaneScanTestbedTests */,
				0E02C8D22792CB11005434AD /* FastlaneScanTestbedUITests */,
			);
		};
/* End PBXProject section */

/* Begin PBXResourcesBuildPhase section */
		0E02C8B72792CB0F005434AD /* Resources */ = {
			isa = PBXResourcesBuildPhase;
			buildActionMask = 2147483647;
			files = (
				0E02C8C42792CB10005434AD /* Preview Assets.xcassets in Resources */,
				0E02C8C12792CB10005434AD /* Assets.xcassets in Resources */,
			);
			runOnlyForDeploymentPostprocessing = 0;
		};
		0E02C8C72792CB10005434AD /* Resources */ = {
			isa = PBXResourcesBuildPhase;
			buildActionMask = 2147483647;
			files = (
			);
			runOnlyForDeploymentPostprocessing = 0;
		};
		0E02C8D12792CB11005434AD /* Resources */ = {
			isa = PBXResourcesBuildPhase;
			buildActionMask = 2147483647;
			files = (
			);
			runOnlyForDeploymentPostprocessing = 0;
		};
/* End PBXResourcesBuildPhase section */

/* Begin PBXSourcesBuildPhase section */
		0E02C8B52792CB0F005434AD /* Sources */ = {
			isa = PBXSourcesBuildPhase;
			buildActionMask = 2147483647;
			files = (
				0E02C8BF2792CB0F005434AD /* ContentView.swift in Sources */,
				0E02C8BD2792CB0F005434AD /* FastlaneScanTestbedApp.swift in Sources */,
			);
			runOnlyForDeploymentPostprocessing = 0;
		};
		0E02C8C52792CB10005434AD /* Sources */ = {
			isa = PBXSourcesBuildPhase;
			buildActionMask = 2147483647;
			files = (
				0E02C8CE2792CB11005434AD /* FastlaneScanTestbedTests.swift in Sources */,
			);
			runOnlyForDeploymentPostprocessing = 0;
		};
		0E02C8CF2792CB11005434AD /* Sources */ = {
			isa = PBXSourcesBuildPhase;
			buildActionMask = 2147483647;
			files = (
				0E02C8D82792CB11005434AD /* HomeScreenTests.swift in Sources */,
				0E02C8E727931C44005434AD /* SecondScreenTests.swift in Sources */,
			);
			runOnlyForDeploymentPostprocessing = 0;
		};
/* End PBXSourcesBuildPhase section */

/* Begin PBXTargetDependency section */
		0E02C8CB2792CB10005434AD /* PBXTargetDependency */ = {
			isa = PBXTargetDependency;
			target = 0E02C8B82792CB0F005434AD /* FastlaneScanTestbed */;
			targetProxy = 0E02C8CA2792CB10005434AD /* PBXContainerItemProxy */;
		};
		0E02C8D52792CB11005434AD /* PBXTargetDependency */ = {
			isa = PBXTargetDependency;
			target = 0E02C8B82792CB0F005434AD /* FastlaneScanTestbed */;
			targetProxy = 0E02C8D42792CB11005434AD /* PBXContainerItemProxy */;
		};
/* End PBXTargetDependency section */

/* Begin XCBuildConfiguration section */
		0E02C8DB2792CB11005434AD /* Debug */ = {
			isa = XCBuildConfiguration;
			buildSettings = {
				ALWAYS_SEARCH_USER_PATHS = NO;
				CLANG_ANALYZER_NONNULL = YES;
				CLANG_ANALYZER_NUMBER_OBJECT_CONVERSION = YES_AGGRESSIVE;
				CLANG_CXX_LANGUAGE_STANDARD = "gnu++17";
				CLANG_CXX_LIBRARY = "libc++";
				CLANG_ENABLE_MODULES = YES;
				CLANG_ENABLE_OBJC_ARC = YES;
				CLANG_ENABLE_OBJC_WEAK = YES;
				CLANG_WARN_BLOCK_CAPTURE_AUTORELEASING = YES;
				CLANG_WARN_BOOL_CONVERSION = YES;
				CLANG_WARN_COMMA = YES;
				CLANG_WARN_CONSTANT_CONVERSION = YES;
				CLANG_WARN_DEPRECATED_OBJC_IMPLEMENTATIONS = YES;
				CLANG_WARN_DIRECT_OBJC_ISA_USAGE = YES_ERROR;
				CLANG_WARN_DOCUMENTATION_COMMENTS = YES;
				CLANG_WARN_EMPTY_BODY = YES;
				CLANG_WARN_ENUM_CONVERSION = YES;
				CLANG_WARN_INFINITE_RECURSION = YES;
				CLANG_WARN_INT_CONVERSION = YES;
				CLANG_WARN_NON_LITERAL_NULL_CONVERSION = YES;
				CLANG_WARN_OBJC_IMPLICIT_RETAIN_SELF = YES;
				CLANG_WARN_OBJC_LITERAL_CONVERSION = YES;
				CLANG_WARN_OBJC_ROOT_CLASS = YES_ERROR;
				CLANG_WARN_QUOTED_INCLUDE_IN_FRAMEWORK_HEADER = YES;
				CLANG_WARN_RANGE_LOOP_ANALYSIS = YES;
				CLANG_WARN_STRICT_PROTOTYPES = YES;
				CLANG_WARN_SUSPICIOUS_MOVE = YES;
				CLANG_WARN_UNGUARDED_AVAILABILITY = YES_AGGRESSIVE;
				CLANG_WARN_UNREACHABLE_CODE = YES;
				CLANG_WARN__DUPLICATE_METHOD_MATCH = YES;
				COPY_PHASE_STRIP = NO;
				DEBUG_INFORMATION_FORMAT = dwarf;
				ENABLE_STRICT_OBJC_MSGSEND = YES;
				ENABLE_TESTABILITY = YES;
				GCC_C_LANGUAGE_STANDARD = gnu11;
				GCC_DYNAMIC_NO_PIC = NO;
				GCC_NO_COMMON_BLOCKS = YES;
				GCC_OPTIMIZATION_LEVEL = 0;
				GCC_PREPROCESSOR_DEFINITIONS = (
					"DEBUG=1",
					"$(inherited)",
				);
				GCC_WARN_64_TO_32_BIT_CONVERSION = YES;
				GCC_WARN_ABOUT_RETURN_TYPE = YES_ERROR;
				GCC_WARN_UNDECLARED_SELECTOR = YES;
				GCC_WARN_UNINITIALIZED_AUTOS = YES_AGGRESSIVE;
				GCC_WARN_UNUSED_FUNCTION = YES;
				GCC_WARN_UNUSED_VARIABLE = YES;
				IPHONEOS_DEPLOYMENT_TARGET = 15.2;
				MTL_ENABLE_DEBUG_INFO = INCLUDE_SOURCE;
				MTL_FAST_MATH = YES;
				ONLY_ACTIVE_ARCH = YES;
				SDKROOT = iphoneos;
				SWIFT_ACTIVE_COMPILATION_CONDITIONS = DEBUG;
				SWIFT_OPTIMIZATION_LEVEL = "-Onone";
			};
			name = Debug;
		};
		0E02C8DC2792CB11005434AD /* Release */ = {
			isa = XCBuildConfiguration;
			buildSettings = {
				ALWAYS_SEARCH_USER_PATHS = NO;
				CLANG_ANALYZER_NONNULL = YES;
				CLANG_ANALYZER_NUMBER_OBJECT_CONVERSION = YES_AGGRESSIVE;
				CLANG_CXX_LANGUAGE_STANDARD = "gnu++17";
				CLANG_CXX_LIBRARY = "libc++";
				CLANG_ENABLE_MODULES = YES;
				CLANG_ENABLE_OBJC_ARC = YES;
				CLANG_ENABLE_OBJC_WEAK = YES;
				CLANG_WARN_BLOCK_CAPTURE_AUTORELEASING = YES;
				CLANG_WARN_BOOL_CONVERSION = YES;
				CLANG_WARN_COMMA = YES;
				CLANG_WARN_CONSTANT_CONVERSION = YES;
				CLANG_WARN_DEPRECATED_OBJC_IMPLEMENTATIONS = YES;
				CLANG_WARN_DIRECT_OBJC_ISA_USAGE = YES_ERROR;
				CLANG_WARN_DOCUMENTATION_COMMENTS = YES;
				CLANG_WARN_EMPTY_BODY = YES;
				CLANG_WARN_ENUM_CONVERSION = YES;
				CLANG_WARN_INFINITE_RECURSION = YES;
				CLANG_WARN_INT_CONVERSION = YES;
				CLANG_WARN_NON_LITERAL_NULL_CONVERSION = YES;
				CLANG_WARN_OBJC_IMPLICIT_RETAIN_SELF = YES;
				CLANG_WARN_OBJC_LITERAL_CONVERSION = YES;
				CLANG_WARN_OBJC_ROOT_CLASS = YES_ERROR;
				CLANG_WARN_QUOTED_INCLUDE_IN_FRAMEWORK_HEADER = YES;
				CLANG_WARN_RANGE_LOOP_ANALYSIS = YES;
				CLANG_WARN_STRICT_PROTOTYPES = YES;
				CLANG_WARN_SUSPICIOUS_MOVE = YES;
				CLANG_WARN_UNGUARDED_AVAILABILITY = YES_AGGRESSIVE;
				CLANG_WARN_UNREACHABLE_CODE = YES;
				CLANG_WARN__DUPLICATE_METHOD_MATCH = YES;
				COPY_PHASE_STRIP = NO;
				DEBUG_INFORMATION_FORMAT = "dwarf-with-dsym";
				ENABLE_NS_ASSERTIONS = NO;
				ENABLE_STRICT_OBJC_MSGSEND = YES;
				GCC_C_LANGUAGE_STANDARD = gnu11;
				GCC_NO_COMMON_BLOCKS = YES;
				GCC_WARN_64_TO_32_BIT_CONVERSION = YES;
				GCC_WARN_ABOUT_RETURN_TYPE = YES_ERROR;
				GCC_WARN_UNDECLARED_SELECTOR = YES;
				GCC_WARN_UNINITIALIZED_AUTOS = YES_AGGRESSIVE;
				GCC_WARN_UNUSED_FUNCTION = YES;
				GCC_WARN_UNUSED_VARIABLE = YES;
				IPHONEOS_DEPLOYMENT_TARGET = 15.2;
				MTL_ENABLE_DEBUG_INFO = NO;
				MTL_FAST_MATH = YES;
				SDKROOT = iphoneos;
				SWIFT_COMPILATION_MODE = wholemodule;
				SWIFT_OPTIMIZATION_LEVEL = "-O";
				VALIDATE_PRODUCT = YES;
			};
			name = Release;
		};
		0E02C8DE2792CB11005434AD /* Debug */ = {
			isa = XCBuildConfiguration;
			buildSettings = {
				ASSETCATALOG_COMPILER_APPICON_NAME = AppIcon;
				ASSETCATALOG_COMPILER_GLOBAL_ACCENT_COLOR_NAME = AccentColor;
				CODE_SIGN_STYLE = Automatic;
				CURRENT_PROJECT_VERSION = 1;
				DEVELOPMENT_ASSET_PATHS = "\"FastlaneScanTestbed/Preview Content\"";
				ENABLE_PREVIEWS = YES;
				GENERATE_INFOPLIST_FILE = YES;
				INFOPLIST_KEY_UIApplicationSceneManifest_Generation = YES;
				INFOPLIST_KEY_UIApplicationSupportsIndirectInputEvents = YES;
				INFOPLIST_KEY_UILaunchScreen_Generation = YES;
				INFOPLIST_KEY_UISupportedInterfaceOrientations_iPad = "UIInterfaceOrientationPortrait UIInterfaceOrientationPortraitUpsideDown UIInterfaceOrientationLandscapeLeft UIInterfaceOrientationLandscapeRight";
				INFOPLIST_KEY_UISupportedInterfaceOrientations_iPhone = "UIInterfaceOrientationPortrait UIInterfaceOrientationLandscapeLeft UIInterfaceOrientationLandscapeRight";
				LD_RUNPATH_SEARCH_PATHS = (
					"$(inherited)",
					"@executable_path/Frameworks",
				);
				MARKETING_VERSION = 1.0;
				PRODUCT_BUNDLE_IDENTIFIER = com.chojnac.FastlaneScanTestbed;
				PRODUCT_NAME = "$(TARGET_NAME)";
				SWIFT_EMIT_LOC_STRINGS = YES;
				SWIFT_VERSION = 5.0;
				TARGETED_DEVICE_FAMILY = "1,2";
			};
			name = Debug;
		};
		0E02C8DF2792CB11005434AD /* Release */ = {
			isa = XCBuildConfiguration;
			buildSettings = {
				ASSETCATALOG_COMPILER_APPICON_NAME = AppIcon;
				ASSETCATALOG_COMPILER_GLOBAL_ACCENT_COLOR_NAME = AccentColor;
				CODE_SIGN_STYLE = Automatic;
				CURRENT_PROJECT_VERSION = 1;
				DEVELOPMENT_ASSET_PATHS = "\"FastlaneScanTestbed/Preview Content\"";
				ENABLE_PREVIEWS = YES;
				GENERATE_INFOPLIST_FILE = YES;
				INFOPLIST_KEY_UIApplicationSceneManifest_Generation = YES;
				INFOPLIST_KEY_UIApplicationSupportsIndirectInputEvents = YES;
				INFOPLIST_KEY_UILaunchScreen_Generation = YES;
				INFOPLIST_KEY_UISupportedInterfaceOrientations_iPad = "UIInterfaceOrientationPortrait UIInterfaceOrientationPortraitUpsideDown UIInterfaceOrientationLandscapeLeft UIInterfaceOrientationLandscapeRight";
				INFOPLIST_KEY_UISupportedInterfaceOrientations_iPhone = "UIInterfaceOrientationPortrait UIInterfaceOrientationLandscapeLeft UIInterfaceOrientationLandscapeRight";
				LD_RUNPATH_SEARCH_PATHS = (
					"$(inherited)",
					"@executable_path/Frameworks",
				);
				MARKETING_VERSION = 1.0;
				PRODUCT_BUNDLE_IDENTIFIER = com.chojnac.FastlaneScanTestbed;
				PRODUCT_NAME = "$(TARGET_NAME)";
				SWIFT_EMIT_LOC_STRINGS = YES;
				SWIFT_VERSION = 5.0;
				TARGETED_DEVICE_FAMILY = "1,2";
			};
			name = Release;
		};
		0E02C8E12792CB11005434AD /* Debug */ = {
			isa = XCBuildConfiguration;
			buildSettings = {
				ALWAYS_EMBED_SWIFT_STANDARD_LIBRARIES = YES;
				BUNDLE_LOADER = "$(TEST_HOST)";
				CODE_SIGN_STYLE = Automatic;
				CURRENT_PROJECT_VERSION = 1;
				GENERATE_INFOPLIST_FILE = YES;
				IPHONEOS_DEPLOYMENT_TARGET = 15.2;
				MARKETING_VERSION = 1.0;
				PRODUCT_BUNDLE_IDENTIFIER = com.chojnac.FastlaneScanTestbedTests;
				PRODUCT_NAME = "$(TARGET_NAME)";
				SWIFT_EMIT_LOC_STRINGS = NO;
				SWIFT_VERSION = 5.0;
				TARGETED_DEVICE_FAMILY = "1,2";
				TEST_HOST = "$(BUILT_PRODUCTS_DIR)/FastlaneScanTestbed.app/FastlaneScanTestbed";
			};
			name = Debug;
		};
		0E02C8E22792CB11005434AD /* Release */ = {
			isa = XCBuildConfiguration;
			buildSettings = {
				ALWAYS_EMBED_SWIFT_STANDARD_LIBRARIES = YES;
				BUNDLE_LOADER = "$(TEST_HOST)";
				CODE_SIGN_STYLE = Automatic;
				CURRENT_PROJECT_VERSION = 1;
				GENERATE_INFOPLIST_FILE = YES;
				IPHONEOS_DEPLOYMENT_TARGET = 15.2;
				MARKETING_VERSION = 1.0;
				PRODUCT_BUNDLE_IDENTIFIER = com.chojnac.FastlaneScanTestbedTests;
				PRODUCT_NAME = "$(TARGET_NAME)";
				SWIFT_EMIT_LOC_STRINGS = NO;
				SWIFT_VERSION = 5.0;
				TARGETED_DEVICE_FAMILY = "1,2";
				TEST_HOST = "$(BUILT_PRODUCTS_DIR)/FastlaneScanTestbed.app/FastlaneScanTestbed";
			};
			name = Release;
		};
		0E02C8E42792CB11005434AD /* Debug */ = {
			isa = XCBuildConfiguration;
			buildSettings = {
				ALWAYS_EMBED_SWIFT_STANDARD_LIBRARIES = YES;
				CODE_SIGN_STYLE = Automatic;
				CURRENT_PROJECT_VERSION = 1;
				GENERATE_INFOPLIST_FILE = YES;
				MARKETING_VERSION = 1.0;
				PRODUCT_BUNDLE_IDENTIFIER = com.chojnac.FastlaneScanTestbedUITests;
				PRODUCT_NAME = "$(TARGET_NAME)";
				SWIFT_EMIT_LOC_STRINGS = NO;
				SWIFT_VERSION = 5.0;
				TARGETED_DEVICE_FAMILY = "1,2";
				TEST_TARGET_NAME = FastlaneScanTestbed;
			};
			name = Debug;
		};
		0E02C8E52792CB11005434AD /* Release */ = {
			isa = XCBuildConfiguration;
			buildSettings = {
				ALWAYS_EMBED_SWIFT_STANDARD_LIBRARIES = YES;
				CODE_SIGN_STYLE = Automatic;
				CURRENT_PROJECT_VERSION = 1;
				GENERATE_INFOPLIST_FILE = YES;
				MARKETING_VERSION = 1.0;
				PRODUCT_BUNDLE_IDENTIFIER = com.chojnac.FastlaneScanTestbedUITests;
				PRODUCT_NAME = "$(TARGET_NAME)";
				SWIFT_EMIT_LOC_STRINGS = NO;
				SWIFT_VERSION = 5.0;
				TARGETED_DEVICE_FAMILY = "1,2";
				TEST_TARGET_NAME = FastlaneScanTestbed;
			};
			name = Release;
		};
/* End XCBuildConfiguration section */

/* Begin XCConfigurationList section */
		0E02C8B42792CB0F005434AD /* Build configuration list for PBXProject "FastlaneScanTestbed" */ = {
			isa = XCConfigurationList;
			buildConfigurations = (
				0E02C8DB2792CB11005434AD /* Debug */,
				0E02C8DC2792CB11005434AD /* Release */,
			);
			defaultConfigurationIsVisible = 0;
			defaultConfigurationName = Release;
		};
		0E02C8DD2792CB11005434AD /* Build configuration list for PBXNativeTarget "FastlaneScanTestbed" */ = {
			isa = XCConfigurationList;
			buildConfigurations = (
				0E02C8DE2792CB11005434AD /* Debug */,
				0E02C8DF2792CB11005434AD /* Release */,
			);
			defaultConfigurationIsVisible = 0;
			defaultConfigurationName = Release;
		};
		0E02C8E02792CB11005434AD /* Build configuration list for PBXNativeTarget "FastlaneScanTestbedTests" */ = {
			isa = XCConfigurationList;
			buildConfigurations = (
				0E02C8E12792CB11005434AD /* Debug */,
				0E02C8E22792CB11005434AD /* Release */,
			);
			defaultConfigurationIsVisible = 0;
			defaultConfigurationName = Release;
		};
		0E02C8E32792CB11005434AD /* Build configuration list for PBXNativeTarget "FastlaneScanTestbedUITests" */ = {
			isa = XCConfigurationList;
			buildConfigurations = (
				0E02C8E42792CB11005434AD /* Debug */,
				0E02C8E52792CB11005434AD /* Release */,
			);
			defaultConfigurationIsVisible = 0;
			defaultConfigurationName = Release;
		};
/* End XCConfigurationList section */
	};
	rootObject = 0E02C8B12792CB0F005434AD /* Project object */;
}
